// !$*UTF8*$!
{
	archiveVersion = 1;
	classes = {
	};
	objectVersion = 46;
	objects = {

/* Begin PBXBuildFile section */
		EE638ED91E9BF45B0057C37D /* AppDelegate.swift in Sources */ = {isa = PBXBuildFile; fileRef = EE638ED81E9BF45B0057C37D /* AppDelegate.swift */; };
		EE638EDB1E9BF45B0057C37D /* ViewController.swift in Sources */ = {isa = PBXBuildFile; fileRef = EE638EDA1E9BF45B0057C37D /* ViewController.swift */; };
		EE638EDE1E9BF45B0057C37D /* Main.storyboard in Resources */ = {isa = PBXBuildFile; fileRef = EE638EDC1E9BF45B0057C37D /* Main.storyboard */; };
		EE638EE11E9BF45B0057C37D /* AutoMaintenanceTracker.xcdatamodeld in Sources */ = {isa = PBXBuildFile; fileRef = EE638EDF1E9BF45B0057C37D /* AutoMaintenanceTracker.xcdatamodeld */; };
		EE638EE31E9BF45B0057C37D /* Assets.xcassets in Resources */ = {isa = PBXBuildFile; fileRef = EE638EE21E9BF45B0057C37D /* Assets.xcassets */; };
		EE638EE61E9BF45B0057C37D /* LaunchScreen.storyboard in Resources */ = {isa = PBXBuildFile; fileRef = EE638EE41E9BF45B0057C37D /* LaunchScreen.storyboard */; };
		EE638EF11E9BF45B0057C37D /* AutoMaintenanceTrackerTests.swift in Sources */ = {isa = PBXBuildFile; fileRef = EE638EF01E9BF45B0057C37D /* AutoMaintenanceTrackerTests.swift */; };
		EE638EFC1E9BF45B0057C37D /* AutoMaintenanceTrackerUITests.swift in Sources */ = {isa = PBXBuildFile; fileRef = EE638EFB1E9BF45B0057C37D /* AutoMaintenanceTrackerUITests.swift */; };
/* End PBXBuildFile section */

/* Begin PBXContainerItemProxy section */
		EE638EED1E9BF45B0057C37D /* PBXContainerItemProxy */ = {
			isa = PBXContainerItemProxy;
			containerPortal = EE638ECD1E9BF45B0057C37D /* Project object */;
			proxyType = 1;
			remoteGlobalIDString = EE638ED41E9BF45B0057C37D;
			remoteInfo = AutoMaintenanceTracker;
		};
		EE638EF81E9BF45B0057C37D /* PBXContainerItemProxy */ = {
			isa = PBXContainerItemProxy;
			containerPortal = EE638ECD1E9BF45B0057C37D /* Project object */;
			proxyType = 1;
			remoteGlobalIDString = EE638ED41E9BF45B0057C37D;
			remoteInfo = AutoMaintenanceTracker;
		};
/* End PBXContainerItemProxy section */

/* Begin PBXFileReference section */
		EE638ED51E9BF45B0057C37D /* AutoMaintenanceTracker.app */ = {isa = PBXFileReference; explicitFileType = wrapper.application; includeInIndex = 0; path = AutoMaintenanceTracker.app; sourceTree = BUILT_PRODUCTS_DIR; };
		EE638ED81E9BF45B0057C37D /* AppDelegate.swift */ = {isa = PBXFileReference; lastKnownFileType = sourcecode.swift; path = AppDelegate.swift; sourceTree = "<group>"; };
		EE638EDA1E9BF45B0057C37D /* ViewController.swift */ = {isa = PBXFileReference; lastKnownFileType = sourcecode.swift; path = ViewController.swift; sourceTree = "<group>"; };
		EE638EDD1E9BF45B0057C37D /* Base */ = {isa = PBXFileReference; lastKnownFileType = file.storyboard; name = Base; path = Base.lproj/Main.storyboard; sourceTree = "<group>"; };
		EE638EE01E9BF45B0057C37D /* AutoMaintenanceTracker.xcdatamodel */ = {isa = PBXFileReference; lastKnownFileType = wrapper.xcdatamodel; path = AutoMaintenanceTracker.xcdatamodel; sourceTree = "<group>"; };
		EE638EE21E9BF45B0057C37D /* Assets.xcassets */ = {isa = PBXFileReference; lastKnownFileType = folder.assetcatalog; path = Assets.xcassets; sourceTree = "<group>"; };
		EE638EE51E9BF45B0057C37D /* Base */ = {isa = PBXFileReference; lastKnownFileType = file.storyboard; name = Base; path = Base.lproj/LaunchScreen.storyboard; sourceTree = "<group>"; };
		EE638EE71E9BF45B0057C37D /* Info.plist */ = {isa = PBXFileReference; lastKnownFileType = text.plist.xml; path = Info.plist; sourceTree = "<group>"; };
		EE638EEC1E9BF45B0057C37D /* AutoMaintenanceTrackerTests.xctest */ = {isa = PBXFileReference; explicitFileType = wrapper.cfbundle; includeInIndex = 0; path = AutoMaintenanceTrackerTests.xctest; sourceTree = BUILT_PRODUCTS_DIR; };
		EE638EF01E9BF45B0057C37D /* AutoMaintenanceTrackerTests.swift */ = {isa = PBXFileReference; lastKnownFileType = sourcecode.swift; path = AutoMaintenanceTrackerTests.swift; sourceTree = "<group>"; };
		EE638EF21E9BF45B0057C37D /* Info.plist */ = {isa = PBXFileReference; lastKnownFileType = text.plist.xml; path = Info.plist; sourceTree = "<group>"; };
		EE638EF71E9BF45B0057C37D /* AutoMaintenanceTrackerUITests.xctest */ = {isa = PBXFileReference; explicitFileType = wrapper.cfbundle; includeInIndex = 0; path = AutoMaintenanceTrackerUITests.xctest; sourceTree = BUILT_PRODUCTS_DIR; };
		EE638EFB1E9BF45B0057C37D /* AutoMaintenanceTrackerUITests.swift */ = {isa = PBXFileReference; lastKnownFileType = sourcecode.swift; path = AutoMaintenanceTrackerUITests.swift; sourceTree = "<group>"; };
		EE638EFD1E9BF45B0057C37D /* Info.plist */ = {isa = PBXFileReference; lastKnownFileType = text.plist.xml; path = Info.plist; sourceTree = "<group>"; };
/* End PBXFileReference section */

/* Begin PBXFrameworksBuildPhase section */
		EE638ED21E9BF45B0057C37D /* Frameworks */ = {
			isa = PBXFrameworksBuildPhase;
			buildActionMask = 2147483647;
			files = (
			);
			runOnlyForDeploymentPostprocessing = 0;
		};
		EE638EE91E9BF45B0057C37D /* Frameworks */ = {
			isa = PBXFrameworksBuildPhase;
			buildActionMask = 2147483647;
			files = (
			);
			runOnlyForDeploymentPostprocessing = 0;
		};
		EE638EF41E9BF45B0057C37D /* Frameworks */ = {
			isa = PBXFrameworksBuildPhase;
			buildActionMask = 2147483647;
			files = (
			);
			runOnlyForDeploymentPostprocessing = 0;
		};
/* End PBXFrameworksBuildPhase section */

/* Begin PBXGroup section */
		EE638ECC1E9BF45B0057C37D = {
			isa = PBXGroup;
			children = (
				EE638ED71E9BF45B0057C37D /* AutoMaintenanceTracker */,
				EE638EEF1E9BF45B0057C37D /* AutoMaintenanceTrackerTests */,
				EE638EFA1E9BF45B0057C37D /* AutoMaintenanceTrackerUITests */,
				EE638ED61E9BF45B0057C37D /* Products */,
			);
			sourceTree = "<group>";
		};
		EE638ED61E9BF45B0057C37D /* Products */ = {
			isa = PBXGroup;
			children = (
				EE638ED51E9BF45B0057C37D /* AutoMaintenanceTracker.app */,
				EE638EEC1E9BF45B0057C37D /* AutoMaintenanceTrackerTests.xctest */,
				EE638EF71E9BF45B0057C37D /* AutoMaintenanceTrackerUITests.xctest */,
			);
			name = Products;
			sourceTree = "<group>";
		};
		EE638ED71E9BF45B0057C37D /* AutoMaintenanceTracker */ = {
			isa = PBXGroup;
			children = (
				EE638ED81E9BF45B0057C37D /* AppDelegate.swift */,
				EE638EDA1E9BF45B0057C37D /* ViewController.swift */,
				EE638EDC1E9BF45B0057C37D /* Main.storyboard */,
				EE638EE21E9BF45B0057C37D /* Assets.xcassets */,
				EE638EE41E9BF45B0057C37D /* LaunchScreen.storyboard */,
				EE638EE71E9BF45B0057C37D /* Info.plist */,
				EE638EDF1E9BF45B0057C37D /* AutoMaintenanceTracker.xcdatamodeld */,
			);
			path = AutoMaintenanceTracker;
			sourceTree = "<group>";
		};
		EE638EEF1E9BF45B0057C37D /* AutoMaintenanceTrackerTests */ = {
			isa = PBXGroup;
			children = (
				EE638EF01E9BF45B0057C37D /* AutoMaintenanceTrackerTests.swift */,
				EE638EF21E9BF45B0057C37D /* Info.plist */,
			);
			path = AutoMaintenanceTrackerTests;
			sourceTree = "<group>";
		};
		EE638EFA1E9BF45B0057C37D /* AutoMaintenanceTrackerUITests */ = {
			isa = PBXGroup;
			children = (
				EE638EFB1E9BF45B0057C37D /* AutoMaintenanceTrackerUITests.swift */,
				EE638EFD1E9BF45B0057C37D /* Info.plist */,
			);
			path = AutoMaintenanceTrackerUITests;
			sourceTree = "<group>";
		};
/* End PBXGroup section */

/* Begin PBXNativeTarget section */
		EE638ED41E9BF45B0057C37D /* AutoMaintenanceTracker */ = {
			isa = PBXNativeTarget;
			buildConfigurationList = EE638F001E9BF45B0057C37D /* Build configuration list for PBXNativeTarget "AutoMaintenanceTracker" */;
			buildPhases = (
				EE638ED11E9BF45B0057C37D /* Sources */,
				EE638ED21E9BF45B0057C37D /* Frameworks */,
				EE638ED31E9BF45B0057C37D /* Resources */,
			);
			buildRules = (
			);
			dependencies = (
			);
			name = AutoMaintenanceTracker;
			productName = AutoMaintenanceTracker;
			productReference = EE638ED51E9BF45B0057C37D /* AutoMaintenanceTracker.app */;
			productType = "com.apple.product-type.application";
		};
		EE638EEB1E9BF45B0057C37D /* AutoMaintenanceTrackerTests */ = {
			isa = PBXNativeTarget;
			buildConfigurationList = EE638F031E9BF45B0057C37D /* Build configuration list for PBXNativeTarget "AutoMaintenanceTrackerTests" */;
			buildPhases = (
				EE638EE81E9BF45B0057C37D /* Sources */,
				EE638EE91E9BF45B0057C37D /* Frameworks */,
				EE638EEA1E9BF45B0057C37D /* Resources */,
			);
			buildRules = (
			);
			dependencies = (
				EE638EEE1E9BF45B0057C37D /* PBXTargetDependency */,
			);
			name = AutoMaintenanceTrackerTests;
			productName = AutoMaintenanceTrackerTests;
			productReference = EE638EEC1E9BF45B0057C37D /* AutoMaintenanceTrackerTests.xctest */;
			productType = "com.apple.product-type.bundle.unit-test";
		};
		EE638EF61E9BF45B0057C37D /* AutoMaintenanceTrackerUITests */ = {
			isa = PBXNativeTarget;
			buildConfigurationList = EE638F061E9BF45B0057C37D /* Build configuration list for PBXNativeTarget "AutoMaintenanceTrackerUITests" */;
			buildPhases = (
				EE638EF31E9BF45B0057C37D /* Sources */,
				EE638EF41E9BF45B0057C37D /* Frameworks */,
				EE638EF51E9BF45B0057C37D /* Resources */,
			);
			buildRules = (
			);
			dependencies = (
				EE638EF91E9BF45B0057C37D /* PBXTargetDependency */,
			);
			name = AutoMaintenanceTrackerUITests;
			productName = AutoMaintenanceTrackerUITests;
			productReference = EE638EF71E9BF45B0057C37D /* AutoMaintenanceTrackerUITests.xctest */;
			productType = "com.apple.product-type.bundle.ui-testing";
		};
/* End PBXNativeTarget section */

/* Begin PBXProject section */
		EE638ECD1E9BF45B0057C37D /* Project object */ = {
			isa = PBXProject;
			attributes = {
				LastSwiftUpdateCheck = 0830;
				LastUpgradeCheck = 0830;
				ORGANIZATIONNAME = "Cord N Stojeba";
				TargetAttributes = {
					EE638ED41E9BF45B0057C37D = {
						CreatedOnToolsVersion = 8.3.1;
						ProvisioningStyle = Automatic;
					};
					EE638EEB1E9BF45B0057C37D = {
						CreatedOnToolsVersion = 8.3.1;
						ProvisioningStyle = Automatic;
						TestTargetID = EE638ED41E9BF45B0057C37D;
					};
					EE638EF61E9BF45B0057C37D = {
						CreatedOnToolsVersion = 8.3.1;
						ProvisioningStyle = Automatic;
						TestTargetID = EE638ED41E9BF45B0057C37D;
					};
				};
			};
			buildConfigurationList = EE638ED01E9BF45B0057C37D /* Build configuration list for PBXProject "AutoMaintenanceTracker" */;
			compatibilityVersion = "Xcode 3.2";
			developmentRegion = English;
			hasScannedForEncodings = 0;
			knownRegions = (
				en,
				Base,
			);
			mainGroup = EE638ECC1E9BF45B0057C37D;
			productRefGroup = EE638ED61E9BF45B0057C37D /* Products */;
			projectDirPath = "";
			projectRoot = "";
			targets = (
				EE638ED41E9BF45B0057C37D /* AutoMaintenanceTracker */,
				EE638EEB1E9BF45B0057C37D /* AutoMaintenanceTrackerTests */,
				EE638EF61E9BF45B0057C37D /* AutoMaintenanceTrackerUITests */,
			);
		};
/* End PBXProject section */

/* Begin PBXResourcesBuildPhase section */
		EE638ED31E9BF45B0057C37D /* Resources */ = {
			isa = PBXResourcesBuildPhase;
			buildActionMask = 2147483647;
			files = (
				EE638EE61E9BF45B0057C37D /* LaunchScreen.storyboard in Resources */,
				EE638EE31E9BF45B0057C37D /* Assets.xcassets in Resources */,
				EE638EDE1E9BF45B0057C37D /* Main.storyboard in Resources */,
			);
			runOnlyForDeploymentPostprocessing = 0;
		};
		EE638EEA1E9BF45B0057C37D /* Resources */ = {
			isa = PBXResourcesBuildPhase;
			buildActionMask = 2147483647;
			files = (
			);
			runOnlyForDeploymentPostprocessing = 0;
		};
		EE638EF51E9BF45B0057C37D /* Resources */ = {
			isa = PBXResourcesBuildPhase;
			buildActionMask = 2147483647;
			files = (
			);
			runOnlyForDeploymentPostprocessing = 0;
		};
/* End PBXResourcesBuildPhase section */

/* Begin PBXSourcesBuildPhase section */
		EE638ED11E9BF45B0057C37D /* Sources */ = {
			isa = PBXSourcesBuildPhase;
			buildActionMask = 2147483647;
			files = (
				EE638EDB1E9BF45B0057C37D /* ViewController.swift in Sources */,
				EE638EE11E9BF45B0057C37D /* AutoMaintenanceTracker.xcdatamodeld in Sources */,
				EE638ED91E9BF45B0057C37D /* AppDelegate.swift in Sources */,
			);
			runOnlyForDeploymentPostprocessing = 0;
		};
		EE638EE81E9BF45B0057C37D /* Sources */ = {
			isa = PBXSourcesBuildPhase;
			buildActionMask = 2147483647;
			files = (
				EE638EF11E9BF45B0057C37D /* AutoMaintenanceTrackerTests.swift in Sources */,
			);
			runOnlyForDeploymentPostprocessing = 0;
		};
		EE638EF31E9BF45B0057C37D /* Sources */ = {
			isa = PBXSourcesBuildPhase;
			buildActionMask = 2147483647;
			files = (
				EE638EFC1E9BF45B0057C37D /* AutoMaintenanceTrackerUITests.swift in Sources */,
			);
			runOnlyForDeploymentPostprocessing = 0;
		};
/* End PBXSourcesBuildPhase section */

/* Begin PBXTargetDependency section */
		EE638EEE1E9BF45B0057C37D /* PBXTargetDependency */ = {
			isa = PBXTargetDependency;
			target = EE638ED41E9BF45B0057C37D /* AutoMaintenanceTracker */;
			targetProxy = EE638EED1E9BF45B0057C37D /* PBXContainerItemProxy */;
		};
		EE638EF91E9BF45B0057C37D /* PBXTargetDependency */ = {
			isa = PBXTargetDependency;
			target = EE638ED41E9BF45B0057C37D /* AutoMaintenanceTracker */;
			targetProxy = EE638EF81E9BF45B0057C37D /* PBXContainerItemProxy */;
		};
/* End PBXTargetDependency section */

/* Begin PBXVariantGroup section */
		EE638EDC1E9BF45B0057C37D /* Main.storyboard */ = {
			isa = PBXVariantGroup;
			children = (
				EE638EDD1E9BF45B0057C37D /* Base */,
			);
			name = Main.storyboard;
			sourceTree = "<group>";
		};
		EE638EE41E9BF45B0057C37D /* LaunchScreen.storyboard */ = {
			isa = PBXVariantGroup;
			children = (
				EE638EE51E9BF45B0057C37D /* Base */,
			);
			name = LaunchScreen.storyboard;
			sourceTree = "<group>";
		};
/* End PBXVariantGroup section */

/* Begin XCBuildConfiguration section */
		EE638EFE1E9BF45B0057C37D /* Debug */ = {
			isa = XCBuildConfiguration;
			buildSettings = {
				ALWAYS_SEARCH_USER_PATHS = NO;
				CLANG_ANALYZER_NONNULL = YES;
				CLANG_ANALYZER_NUMBER_OBJECT_CONVERSION = YES_AGGRESSIVE;
				CLANG_CXX_LANGUAGE_STANDARD = "gnu++0x";
				CLANG_CXX_LIBRARY = "libc++";
				CLANG_ENABLE_MODULES = YES;
				CLANG_ENABLE_OBJC_ARC = YES;
				CLANG_WARN_BOOL_CONVERSION = YES;
				CLANG_WARN_CONSTANT_CONVERSION = YES;
				CLANG_WARN_DIRECT_OBJC_ISA_USAGE = YES_ERROR;
				CLANG_WARN_DOCUMENTATION_COMMENTS = YES;
				CLANG_WARN_EMPTY_BODY = YES;
				CLANG_WARN_ENUM_CONVERSION = YES;
				CLANG_WARN_INFINITE_RECURSION = YES;
				CLANG_WARN_INT_CONVERSION = YES;
				CLANG_WARN_OBJC_ROOT_CLASS = YES_ERROR;
				CLANG_WARN_SUSPICIOUS_MOVE = YES;
				CLANG_WARN_UNREACHABLE_CODE = YES;
				CLANG_WARN__DUPLICATE_METHOD_MATCH = YES;
				"CODE_SIGN_IDENTITY[sdk=iphoneos*]" = "iPhone Developer";
				COPY_PHASE_STRIP = NO;
				DEBUG_INFORMATION_FORMAT = dwarf;
				ENABLE_STRICT_OBJC_MSGSEND = YES;
				ENABLE_TESTABILITY = YES;
				GCC_C_LANGUAGE_STANDARD = gnu99;
				GCC_DYNAMIC_NO_PIC = NO;
				GCC_NO_COMMON_BLOCKS = YES;
				GCC_OPTIMIZATION_LEVEL = 0;
				GCC_PREPROCESSOR_DEFINITIONS = (
					"DEBUG=1",
					"$(inherited)",
				);
				GCC_WARN_64_TO_32_BIT_CONVERSION = YES;
				GCC_WARN_ABOUT_RETURN_TYPE = YES_ERROR;
				GCC_WARN_UNDECLARED_SELECTOR = YES;
				GCC_WARN_UNINITIALIZED_AUTOS = YES_AGGRESSIVE;
				GCC_WARN_UNUSED_FUNCTION = YES;
				GCC_WARN_UNUSED_VARIABLE = YES;
				IPHONEOS_DEPLOYMENT_TARGET = 10.3;
				MTL_ENABLE_DEBUG_INFO = YES;
				ONLY_ACTIVE_ARCH = YES;
				SDKROOT = iphoneos;
				SWIFT_ACTIVE_COMPILATION_CONDITIONS = DEBUG;
				SWIFT_OPTIMIZATION_LEVEL = "-Onone";
				TARGETED_DEVICE_FAMILY = "1,2";
			};
			name = Debug;
		};
		EE638EFF1E9BF45B0057C37D /* Release */ = {
			isa = XCBuildConfiguration;
			buildSettings = {
				ALWAYS_SEARCH_USER_PATHS = NO;
				CLANG_ANALYZER_NONNULL = YES;
				CLANG_ANALYZER_NUMBER_OBJECT_CONVERSION = YES_AGGRESSIVE;
				CLANG_CXX_LANGUAGE_STANDARD = "gnu++0x";
				CLANG_CXX_LIBRARY = "libc++";
				CLANG_ENABLE_MODULES = YES;
				CLANG_ENABLE_OBJC_ARC = YES;
				CLANG_WARN_BOOL_CONVERSION = YES;
				CLANG_WARN_CONSTANT_CONVERSION = YES;
				CLANG_WARN_DIRECT_OBJC_ISA_USAGE = YES_ERROR;
				CLANG_WARN_DOCUMENTATION_COMMENTS = YES;
				CLANG_WARN_EMPTY_BODY = YES;
				CLANG_WARN_ENUM_CONVERSION = YES;
				CLANG_WARN_INFINITE_RECURSION = YES;
				CLANG_WARN_INT_CONVERSION = YES;
				CLANG_WARN_OBJC_ROOT_CLASS = YES_ERROR;
				CLANG_WARN_SUSPICIOUS_MOVE = YES;
				CLANG_WARN_UNREACHABLE_CODE = YES;
				CLANG_WARN__DUPLICATE_METHOD_MATCH = YES;
				"CODE_SIGN_IDENTITY[sdk=iphoneos*]" = "iPhone Developer";
				COPY_PHASE_STRIP = NO;
				DEBUG_INFORMATION_FORMAT = "dwarf-with-dsym";
				ENABLE_NS_ASSERTIONS = NO;
				ENABLE_STRICT_OBJC_MSGSEND = YES;
				GCC_C_LANGUAGE_STANDARD = gnu99;
				GCC_NO_COMMON_BLOCKS = YES;
				GCC_WARN_64_TO_32_BIT_CONVERSION = YES;
				GCC_WARN_ABOUT_RETURN_TYPE = YES_ERROR;
				GCC_WARN_UNDECLARED_SELECTOR = YES;
				GCC_WARN_UNINITIALIZED_AUTOS = YES_AGGRESSIVE;
				GCC_WARN_UNUSED_FUNCTION = YES;
				GCC_WARN_UNUSED_VARIABLE = YES;
				IPHONEOS_DEPLOYMENT_TARGET = 10.3;
				MTL_ENABLE_DEBUG_INFO = NO;
				SDKROOT = iphoneos;
				SWIFT_OPTIMIZATION_LEVEL = "-Owholemodule";
				TARGETED_DEVICE_FAMILY = "1,2";
				VALIDATE_PRODUCT = YES;
			};
			name = Release;
		};
		EE638F011E9BF45B0057C37D /* Debug */ = {
			isa = XCBuildConfiguration;
			buildSettings = {
				ASSETCATALOG_COMPILER_APPICON_NAME = AppIcon;
				INFOPLIST_FILE = AutoMaintenanceTracker/Info.plist;
				LD_RUNPATH_SEARCH_PATHS = "$(inherited) @executable_path/Frameworks";
				PRODUCT_BUNDLE_IDENTIFIER = edu.missouri.AutoMaintenanceTracker;
				PRODUCT_NAME = "$(TARGET_NAME)";
				SWIFT_VERSION = 3.0;
			};
			name = Debug;
		};
		EE638F021E9BF45B0057C37D /* Release */ = {
			isa = XCBuildConfiguration;
			buildSettings = {
				ASSETCATALOG_COMPILER_APPICON_NAME = AppIcon;
				INFOPLIST_FILE = AutoMaintenanceTracker/Info.plist;
				LD_RUNPATH_SEARCH_PATHS = "$(inherited) @executable_path/Frameworks";
				PRODUCT_BUNDLE_IDENTIFIER = edu.missouri.AutoMaintenanceTracker;
				PRODUCT_NAME = "$(TARGET_NAME)";
				SWIFT_VERSION = 3.0;
			};
			name = Release;
		};
		EE638F041E9BF45B0057C37D /* Debug */ = {
			isa = XCBuildConfiguration;
			buildSettings = {
				ALWAYS_EMBED_SWIFT_STANDARD_LIBRARIES = YES;
				BUNDLE_LOADER = "$(TEST_HOST)";
				INFOPLIST_FILE = AutoMaintenanceTrackerTests/Info.plist;
				LD_RUNPATH_SEARCH_PATHS = "$(inherited) @executable_path/Frameworks @loader_path/Frameworks";
				PRODUCT_BUNDLE_IDENTIFIER = edu.missouri.AutoMaintenanceTrackerTests;
				PRODUCT_NAME = "$(TARGET_NAME)";
				SWIFT_VERSION = 3.0;
				TEST_HOST = "$(BUILT_PRODUCTS_DIR)/AutoMaintenanceTracker.app/AutoMaintenanceTracker";
			};
			name = Debug;
		};
		EE638F051E9BF45B0057C37D /* Release */ = {
			isa = XCBuildConfiguration;
			buildSettings = {
				ALWAYS_EMBED_SWIFT_STANDARD_LIBRARIES = YES;
				BUNDLE_LOADER = "$(TEST_HOST)";
				INFOPLIST_FILE = AutoMaintenanceTrackerTests/Info.plist;
				LD_RUNPATH_SEARCH_PATHS = "$(inherited) @executable_path/Frameworks @loader_path/Frameworks";
				PRODUCT_BUNDLE_IDENTIFIER = edu.missouri.AutoMaintenanceTrackerTests;
				PRODUCT_NAME = "$(TARGET_NAME)";
				SWIFT_VERSION = 3.0;
				TEST_HOST = "$(BUILT_PRODUCTS_DIR)/AutoMaintenanceTracker.app/AutoMaintenanceTracker";
			};
			name = Release;
		};
		EE638F071E9BF45B0057C37D /* Debug */ = {
			isa = XCBuildConfiguration;
			buildSettings = {
				ALWAYS_EMBED_SWIFT_STANDARD_LIBRARIES = YES;
				INFOPLIST_FILE = AutoMaintenanceTrackerUITests/Info.plist;
				LD_RUNPATH_SEARCH_PATHS = "$(inherited) @executable_path/Frameworks @loader_path/Frameworks";
				PRODUCT_BUNDLE_IDENTIFIER = edu.missouri.AutoMaintenanceTrackerUITests;
				PRODUCT_NAME = "$(TARGET_NAME)";
				SWIFT_VERSION = 3.0;
				TEST_TARGET_NAME = AutoMaintenanceTracker;
			};
			name = Debug;
		};
		EE638F081E9BF45B0057C37D /* Release */ = {
			isa = XCBuildConfiguration;
			buildSettings = {
				ALWAYS_EMBED_SWIFT_STANDARD_LIBRARIES = YES;
				INFOPLIST_FILE = AutoMaintenanceTrackerUITests/Info.plist;
				LD_RUNPATH_SEARCH_PATHS = "$(inherited) @executable_path/Frameworks @loader_path/Frameworks";
				PRODUCT_BUNDLE_IDENTIFIER = edu.missouri.AutoMaintenanceTrackerUITests;
				PRODUCT_NAME = "$(TARGET_NAME)";
				SWIFT_VERSION = 3.0;
				TEST_TARGET_NAME = AutoMaintenanceTracker;
			};
			name = Release;
		};
/* End XCBuildConfiguration section */

/* Begin XCConfigurationList section */
		EE638ED01E9BF45B0057C37D /* Build configuration list for PBXProject "AutoMaintenanceTracker" */ = {
			isa = XCConfigurationList;
			buildConfigurations = (
				EE638EFE1E9BF45B0057C37D /* Debug */,
				EE638EFF1E9BF45B0057C37D /* Release */,
			);
			defaultConfigurationIsVisible = 0;
			defaultConfigurationName = Release;
		};
		EE638F001E9BF45B0057C37D /* Build configuration list for PBXNativeTarget "AutoMaintenanceTracker" */ = {
			isa = XCConfigurationList;
			buildConfigurations = (
				EE638F011E9BF45B0057C37D /* Debug */,
				EE638F021E9BF45B0057C37D /* Release */,
			);
			defaultConfigurationIsVisible = 0;
		};
		EE638F031E9BF45B0057C37D /* Build configuration list for PBXNativeTarget "AutoMaintenanceTrackerTests" */ = {
			isa = XCConfigurationList;
			buildConfigurations = (
				EE638F041E9BF45B0057C37D /* Debug */,
				EE638F051E9BF45B0057C37D /* Release */,
			);
			defaultConfigurationIsVisible = 0;
		};
		EE638F061E9BF45B0057C37D /* Build configuration list for PBXNativeTarget "AutoMaintenanceTrackerUITests" */ = {
			isa = XCConfigurationList;
			buildConfigurations = (
				EE638F071E9BF45B0057C37D /* Debug */,
				EE638F081E9BF45B0057C37D /* Release */,
			);
			defaultConfigurationIsVisible = 0;
		};
/* End XCConfigurationList section */

/* Begin XCVersionGroup section */
		EE638EDF1E9BF45B0057C37D /* AutoMaintenanceTracker.xcdatamodeld */ = {
			isa = XCVersionGroup;
			children = (
				EE638EE01E9BF45B0057C37D /* AutoMaintenanceTracker.xcdatamodel */,
			);
			currentVersion = EE638EE01E9BF45B0057C37D /* AutoMaintenanceTracker.xcdatamodel */;
			path = AutoMaintenanceTracker.xcdatamodeld;
			sourceTree = "<group>";
			versionGroupType = wrapper.xcdatamodel;
		};
/* End XCVersionGroup section */
	};
	rootObject = EE638ECD1E9BF45B0057C37D /* Project object */;
}
